// !$*UTF8*$!
{
	archiveVersion = 1;
	classes = {
	};
	objectVersion = 46;
	objects = {

/* Begin PBXBuildFile section */
		31A38316421818983DDEBEBA /* Pods_SampleApp.framework in Frameworks */ = {isa = PBXBuildFile; fileRef = DBC7478F4E4597A6513E8067 /* Pods_SampleApp.framework */; };
		BA7807661F73916700C828D7 /* ViewController.swift in Sources */ = {isa = PBXBuildFile; fileRef = BA7807651F73916700C828D7 /* ViewController.swift */; };
		BA7807961F73917300C828D7 /* ResponseSkeleton.swift in Sources */ = {isa = PBXBuildFile; fileRef = BA78076E1F73917300C828D7 /* ResponseSkeleton.swift */; };
		BA7807971F73917300C828D7 /* ServiceClient.swift in Sources */ = {isa = PBXBuildFile; fileRef = BA78076F1F73917300C828D7 /* ServiceClient.swift */; };
		BA7807981F73917300C828D7 /* MKAnnotationView+WebCache.m in Sources */ = {isa = PBXBuildFile; fileRef = BA7807731F73917300C828D7 /* MKAnnotationView+WebCache.m */; };
		BA7807991F73917300C828D7 /* NSData+ImageContentType.m in Sources */ = {isa = PBXBuildFile; fileRef = BA7807751F73917300C828D7 /* NSData+ImageContentType.m */; };
		BA78079A1F73917300C828D7 /* SDImageCache.m in Sources */ = {isa = PBXBuildFile; fileRef = BA7807771F73917300C828D7 /* SDImageCache.m */; };
		BA78079B1F73917300C828D7 /* SDWebImageCompat.m in Sources */ = {isa = PBXBuildFile; fileRef = BA7807791F73917300C828D7 /* SDWebImageCompat.m */; };
		BA78079C1F73917300C828D7 /* SDWebImageDecoder.m in Sources */ = {isa = PBXBuildFile; fileRef = BA78077B1F73917300C828D7 /* SDWebImageDecoder.m */; };
		BA78079D1F73917300C828D7 /* SDWebImageDownloader.m in Sources */ = {isa = PBXBuildFile; fileRef = BA78077D1F73917300C828D7 /* SDWebImageDownloader.m */; };
		BA78079E1F73917300C828D7 /* SDWebImageDownloaderOperation.m in Sources */ = {isa = PBXBuildFile; fileRef = BA78077F1F73917300C828D7 /* SDWebImageDownloaderOperation.m */; };
		BA78079F1F73917300C828D7 /* SDWebImageManager.m in Sources */ = {isa = PBXBuildFile; fileRef = BA7807811F73917300C828D7 /* SDWebImageManager.m */; };
		BA7807A01F73917300C828D7 /* SDWebImagePrefetcher.m in Sources */ = {isa = PBXBuildFile; fileRef = BA7807841F73917300C828D7 /* SDWebImagePrefetcher.m */; };
		BA7807A11F73917300C828D7 /* UIButton+WebCache.m in Sources */ = {isa = PBXBuildFile; fileRef = BA7807861F73917300C828D7 /* UIButton+WebCache.m */; };
		BA7807A21F73917300C828D7 /* UIImage+GIF.m in Sources */ = {isa = PBXBuildFile; fileRef = BA7807881F73917300C828D7 /* UIImage+GIF.m */; };
		BA7807A31F73917300C828D7 /* UIImage+MultiFormat.m in Sources */ = {isa = PBXBuildFile; fileRef = BA78078A1F73917300C828D7 /* UIImage+MultiFormat.m */; };
		BA7807A41F73917300C828D7 /* UIImage+WebP.m in Sources */ = {isa = PBXBuildFile; fileRef = BA78078C1F73917300C828D7 /* UIImage+WebP.m */; };
		BA7807A51F73917300C828D7 /* UIImageView+HighlightedWebCache.m in Sources */ = {isa = PBXBuildFile; fileRef = BA78078E1F73917300C828D7 /* UIImageView+HighlightedWebCache.m */; };
		BA7807A61F73917300C828D7 /* UIImageView+WebCache.m in Sources */ = {isa = PBXBuildFile; fileRef = BA7807901F73917300C828D7 /* UIImageView+WebCache.m */; };
		BA7807A71F73917300C828D7 /* UIView+WebCacheOperation.m in Sources */ = {isa = PBXBuildFile; fileRef = BA7807921F73917300C828D7 /* UIView+WebCacheOperation.m */; };
		BA7807B21F73917D00C828D7 /* Constants.swift in Sources */ = {isa = PBXBuildFile; fileRef = BA7807AA1F73917D00C828D7 /* Constants.swift */; };
		BA7807B31F73917D00C828D7 /* Reachability.swift in Sources */ = {isa = PBXBuildFile; fileRef = BA7807AB1F73917D00C828D7 /* Reachability.swift */; };
		BA7807B61F73917D00C828D7 /* ToastExtension.swift in Sources */ = {isa = PBXBuildFile; fileRef = BA7807AE1F73917D00C828D7 /* ToastExtension.swift */; };
		BA7807C21F73940700C828D7 /* AppDelegate.swift in Sources */ = {isa = PBXBuildFile; fileRef = BA7807BA1F73940700C828D7 /* AppDelegate.swift */; };
		BA7807C31F73940700C828D7 /* Assets.xcassets in Resources */ = {isa = PBXBuildFile; fileRef = BA7807BB1F73940700C828D7 /* Assets.xcassets */; };
		BA7807C41F73940700C828D7 /* LaunchScreen.storyboard in Resources */ = {isa = PBXBuildFile; fileRef = BA7807BC1F73940700C828D7 /* LaunchScreen.storyboard */; };
		BA7807C51F73940700C828D7 /* Main.storyboard in Resources */ = {isa = PBXBuildFile; fileRef = BA7807BE1F73940700C828D7 /* Main.storyboard */; };
		BA7807C61F73940700C828D7 /* SampleApp.xcdatamodeld in Sources */ = {isa = PBXBuildFile; fileRef = BA7807C01F73940700C828D7 /* SampleApp.xcdatamodeld */; };
		BACA84811F739F0700F32D31 /* RecipeTableViewCell.swift in Sources */ = {isa = PBXBuildFile; fileRef = BACA847F1F739F0700F32D31 /* RecipeTableViewCell.swift */; };
		BACA84821F739F0700F32D31 /* RecipeTableViewCell.xib in Resources */ = {isa = PBXBuildFile; fileRef = BACA84801F739F0700F32D31 /* RecipeTableViewCell.xib */; };
		BACA848C1F73AC2100F32D31 /* Recipe.swift in Sources */ = {isa = PBXBuildFile; fileRef = BACA848B1F73AC2100F32D31 /* Recipe.swift */; };
		BACA848F1F73C12600F32D31 /* Extension.swift in Sources */ = {isa = PBXBuildFile; fileRef = BACA848E1F73C12600F32D31 /* Extension.swift */; };
/* End PBXBuildFile section */

/* Begin PBXFileReference section */
		3FB292FF86BC6FB18202D4DE /* Pods-SampleApp.release.xcconfig */ = {isa = PBXFileReference; includeInIndex = 1; lastKnownFileType = text.xcconfig; name = "Pods-SampleApp.release.xcconfig"; path = "Pods/Target Support Files/Pods-SampleApp/Pods-SampleApp.release.xcconfig"; sourceTree = "<group>"; };
		B76D1C0997B2F5FFCC6A6D0A /* Pods-SampleApp.debug.xcconfig */ = {isa = PBXFileReference; includeInIndex = 1; lastKnownFileType = text.xcconfig; name = "Pods-SampleApp.debug.xcconfig"; path = "Pods/Target Support Files/Pods-SampleApp/Pods-SampleApp.debug.xcconfig"; sourceTree = "<group>"; };
		BA7807651F73916700C828D7 /* ViewController.swift */ = {isa = PBXFileReference; fileEncoding = 4; lastKnownFileType = sourcecode.swift; path = ViewController.swift; sourceTree = "<group>"; };
		BA78076E1F73917300C828D7 /* ResponseSkeleton.swift */ = {isa = PBXFileReference; fileEncoding = 4; lastKnownFileType = sourcecode.swift; path = ResponseSkeleton.swift; sourceTree = "<group>"; };
		BA78076F1F73917300C828D7 /* ServiceClient.swift */ = {isa = PBXFileReference; fileEncoding = 4; lastKnownFileType = sourcecode.swift; path = ServiceClient.swift; sourceTree = "<group>"; };
		BA7807721F73917300C828D7 /* MKAnnotationView+WebCache.h */ = {isa = PBXFileReference; fileEncoding = 4; lastKnownFileType = sourcecode.c.h; path = "MKAnnotationView+WebCache.h"; sourceTree = "<group>"; };
		BA7807731F73917300C828D7 /* MKAnnotationView+WebCache.m */ = {isa = PBXFileReference; fileEncoding = 4; lastKnownFileType = sourcecode.c.objc; path = "MKAnnotationView+WebCache.m"; sourceTree = "<group>"; };
		BA7807741F73917300C828D7 /* NSData+ImageContentType.h */ = {isa = PBXFileReference; fileEncoding = 4; lastKnownFileType = sourcecode.c.h; path = "NSData+ImageContentType.h"; sourceTree = "<group>"; };
		BA7807751F73917300C828D7 /* NSData+ImageContentType.m */ = {isa = PBXFileReference; fileEncoding = 4; lastKnownFileType = sourcecode.c.objc; path = "NSData+ImageContentType.m"; sourceTree = "<group>"; };
		BA7807761F73917300C828D7 /* SDImageCache.h */ = {isa = PBXFileReference; fileEncoding = 4; lastKnownFileType = sourcecode.c.h; path = SDImageCache.h; sourceTree = "<group>"; };
		BA7807771F73917300C828D7 /* SDImageCache.m */ = {isa = PBXFileReference; fileEncoding = 4; lastKnownFileType = sourcecode.c.objc; path = SDImageCache.m; sourceTree = "<group>"; };
		BA7807781F73917300C828D7 /* SDWebImageCompat.h */ = {isa = PBXFileReference; fileEncoding = 4; lastKnownFileType = sourcecode.c.h; path = SDWebImageCompat.h; sourceTree = "<group>"; };
		BA7807791F73917300C828D7 /* SDWebImageCompat.m */ = {isa = PBXFileReference; fileEncoding = 4; lastKnownFileType = sourcecode.c.objc; path = SDWebImageCompat.m; sourceTree = "<group>"; };
		BA78077A1F73917300C828D7 /* SDWebImageDecoder.h */ = {isa = PBXFileReference; fileEncoding = 4; lastKnownFileType = sourcecode.c.h; path = SDWebImageDecoder.h; sourceTree = "<group>"; };
		BA78077B1F73917300C828D7 /* SDWebImageDecoder.m */ = {isa = PBXFileReference; fileEncoding = 4; lastKnownFileType = sourcecode.c.objc; path = SDWebImageDecoder.m; sourceTree = "<group>"; };
		BA78077C1F73917300C828D7 /* SDWebImageDownloader.h */ = {isa = PBXFileReference; fileEncoding = 4; lastKnownFileType = sourcecode.c.h; path = SDWebImageDownloader.h; sourceTree = "<group>"; };
		BA78077D1F73917300C828D7 /* SDWebImageDownloader.m */ = {isa = PBXFileReference; fileEncoding = 4; lastKnownFileType = sourcecode.c.objc; path = SDWebImageDownloader.m; sourceTree = "<group>"; };
		BA78077E1F73917300C828D7 /* SDWebImageDownloaderOperation.h */ = {isa = PBXFileReference; fileEncoding = 4; lastKnownFileType = sourcecode.c.h; path = SDWebImageDownloaderOperation.h; sourceTree = "<group>"; };
		BA78077F1F73917300C828D7 /* SDWebImageDownloaderOperation.m */ = {isa = PBXFileReference; fileEncoding = 4; lastKnownFileType = sourcecode.c.objc; path = SDWebImageDownloaderOperation.m; sourceTree = "<group>"; };
		BA7807801F73917300C828D7 /* SDWebImageManager.h */ = {isa = PBXFileReference; fileEncoding = 4; lastKnownFileType = sourcecode.c.h; path = SDWebImageManager.h; sourceTree = "<group>"; };
		BA7807811F73917300C828D7 /* SDWebImageManager.m */ = {isa = PBXFileReference; fileEncoding = 4; lastKnownFileType = sourcecode.c.objc; path = SDWebImageManager.m; sourceTree = "<group>"; };
		BA7807821F73917300C828D7 /* SDWebImageOperation.h */ = {isa = PBXFileReference; fileEncoding = 4; lastKnownFileType = sourcecode.c.h; path = SDWebImageOperation.h; sourceTree = "<group>"; };
		BA7807831F73917300C828D7 /* SDWebImagePrefetcher.h */ = {isa = PBXFileReference; fileEncoding = 4; lastKnownFileType = sourcecode.c.h; path = SDWebImagePrefetcher.h; sourceTree = "<group>"; };
		BA7807841F73917300C828D7 /* SDWebImagePrefetcher.m */ = {isa = PBXFileReference; fileEncoding = 4; lastKnownFileType = sourcecode.c.objc; path = SDWebImagePrefetcher.m; sourceTree = "<group>"; };
		BA7807851F73917300C828D7 /* UIButton+WebCache.h */ = {isa = PBXFileReference; fileEncoding = 4; lastKnownFileType = sourcecode.c.h; path = "UIButton+WebCache.h"; sourceTree = "<group>"; };
		BA7807861F73917300C828D7 /* UIButton+WebCache.m */ = {isa = PBXFileReference; fileEncoding = 4; lastKnownFileType = sourcecode.c.objc; path = "UIButton+WebCache.m"; sourceTree = "<group>"; };
		BA7807871F73917300C828D7 /* UIImage+GIF.h */ = {isa = PBXFileReference; fileEncoding = 4; lastKnownFileType = sourcecode.c.h; path = "UIImage+GIF.h"; sourceTree = "<group>"; };
		BA7807881F73917300C828D7 /* UIImage+GIF.m */ = {isa = PBXFileReference; fileEncoding = 4; lastKnownFileType = sourcecode.c.objc; path = "UIImage+GIF.m"; sourceTree = "<group>"; };
		BA7807891F73917300C828D7 /* UIImage+MultiFormat.h */ = {isa = PBXFileReference; fileEncoding = 4; lastKnownFileType = sourcecode.c.h; path = "UIImage+MultiFormat.h"; sourceTree = "<group>"; };
		BA78078A1F73917300C828D7 /* UIImage+MultiFormat.m */ = {isa = PBXFileReference; fileEncoding = 4; lastKnownFileType = sourcecode.c.objc; path = "UIImage+MultiFormat.m"; sourceTree = "<group>"; };
		BA78078B1F73917300C828D7 /* UIImage+WebP.h */ = {isa = PBXFileReference; fileEncoding = 4; lastKnownFileType = sourcecode.c.h; path = "UIImage+WebP.h"; sourceTree = "<group>"; };
		BA78078C1F73917300C828D7 /* UIImage+WebP.m */ = {isa = PBXFileReference; fileEncoding = 4; lastKnownFileType = sourcecode.c.objc; path = "UIImage+WebP.m"; sourceTree = "<group>"; };
		BA78078D1F73917300C828D7 /* UIImageView+HighlightedWebCache.h */ = {isa = PBXFileReference; fileEncoding = 4; lastKnownFileType = sourcecode.c.h; path = "UIImageView+HighlightedWebCache.h"; sourceTree = "<group>"; };
		BA78078E1F73917300C828D7 /* UIImageView+HighlightedWebCache.m */ = {isa = PBXFileReference; fileEncoding = 4; lastKnownFileType = sourcecode.c.objc; path = "UIImageView+HighlightedWebCache.m"; sourceTree = "<group>"; };
		BA78078F1F73917300C828D7 /* UIImageView+WebCache.h */ = {isa = PBXFileReference; fileEncoding = 4; lastKnownFileType = sourcecode.c.h; path = "UIImageView+WebCache.h"; sourceTree = "<group>"; };
		BA7807901F73917300C828D7 /* UIImageView+WebCache.m */ = {isa = PBXFileReference; fileEncoding = 4; lastKnownFileType = sourcecode.c.objc; path = "UIImageView+WebCache.m"; sourceTree = "<group>"; };
		BA7807911F73917300C828D7 /* UIView+WebCacheOperation.h */ = {isa = PBXFileReference; fileEncoding = 4; lastKnownFileType = sourcecode.c.h; path = "UIView+WebCacheOperation.h"; sourceTree = "<group>"; };
		BA7807921F73917300C828D7 /* UIView+WebCacheOperation.m */ = {isa = PBXFileReference; fileEncoding = 4; lastKnownFileType = sourcecode.c.objc; path = "UIView+WebCacheOperation.m"; sourceTree = "<group>"; };
		BA7807AA1F73917D00C828D7 /* Constants.swift */ = {isa = PBXFileReference; fileEncoding = 4; lastKnownFileType = sourcecode.swift; path = Constants.swift; sourceTree = "<group>"; };
		BA7807AB1F73917D00C828D7 /* Reachability.swift */ = {isa = PBXFileReference; fileEncoding = 4; lastKnownFileType = sourcecode.swift; path = Reachability.swift; sourceTree = "<group>"; };
		BA7807AE1F73917D00C828D7 /* ToastExtension.swift */ = {isa = PBXFileReference; fileEncoding = 4; lastKnownFileType = sourcecode.swift; path = ToastExtension.swift; sourceTree = "<group>"; };
		BA7807BA1F73940700C828D7 /* AppDelegate.swift */ = {isa = PBXFileReference; fileEncoding = 4; lastKnownFileType = sourcecode.swift; path = AppDelegate.swift; sourceTree = "<group>"; };
		BA7807BB1F73940700C828D7 /* Assets.xcassets */ = {isa = PBXFileReference; lastKnownFileType = folder.assetcatalog; path = Assets.xcassets; sourceTree = "<group>"; };
		BA7807BD1F73940700C828D7 /* Base */ = {isa = PBXFileReference; lastKnownFileType = file.storyboard; name = Base; path = Base.lproj/LaunchScreen.storyboard; sourceTree = "<group>"; };
		BA7807BF1F73940700C828D7 /* Base */ = {isa = PBXFileReference; lastKnownFileType = file.storyboard; name = Base; path = Base.lproj/Main.storyboard; sourceTree = "<group>"; };
		BA7807C11F73940700C828D7 /* SampleApp.xcdatamodel */ = {isa = PBXFileReference; lastKnownFileType = wrapper.xcdatamodel; path = SampleApp.xcdatamodel; sourceTree = "<group>"; };
		BACA847F1F739F0700F32D31 /* RecipeTableViewCell.swift */ = {isa = PBXFileReference; fileEncoding = 4; lastKnownFileType = sourcecode.swift; path = RecipeTableViewCell.swift; sourceTree = "<group>"; };
		BACA84801F739F0700F32D31 /* RecipeTableViewCell.xib */ = {isa = PBXFileReference; fileEncoding = 4; lastKnownFileType = file.xib; path = RecipeTableViewCell.xib; sourceTree = "<group>"; };
		BACA84891F73A3F900F32D31 /* SampleApp-Bridging-Header.h */ = {isa = PBXFileReference; fileEncoding = 4; lastKnownFileType = sourcecode.c.h; path = "SampleApp-Bridging-Header.h"; sourceTree = "<group>"; };
		BACA848B1F73AC2100F32D31 /* Recipe.swift */ = {isa = PBXFileReference; fileEncoding = 4; lastKnownFileType = sourcecode.swift; path = Recipe.swift; sourceTree = "<group>"; };
		BACA848E1F73C12600F32D31 /* Extension.swift */ = {isa = PBXFileReference; fileEncoding = 4; lastKnownFileType = sourcecode.swift; path = Extension.swift; sourceTree = "<group>"; };
		DB9675DD1F73731B0013AEC8 /* SampleApp.app */ = {isa = PBXFileReference; explicitFileType = wrapper.application; includeInIndex = 0; path = SampleApp.app; sourceTree = BUILT_PRODUCTS_DIR; };
		DB9675EF1F73731B0013AEC8 /* Info.plist */ = {isa = PBXFileReference; lastKnownFileType = text.plist.xml; path = Info.plist; sourceTree = "<group>"; };
		DBC7478F4E4597A6513E8067 /* Pods_SampleApp.framework */ = {isa = PBXFileReference; explicitFileType = wrapper.framework; includeInIndex = 0; path = Pods_SampleApp.framework; sourceTree = BUILT_PRODUCTS_DIR; };
/* End PBXFileReference section */

/* Begin PBXFrameworksBuildPhase section */
		DB9675DA1F73731B0013AEC8 /* Frameworks */ = {
			isa = PBXFrameworksBuildPhase;
			buildActionMask = 2147483647;
			files = (
				31A38316421818983DDEBEBA /* Pods_SampleApp.framework in Frameworks */,
			);
			runOnlyForDeploymentPostprocessing = 0;
		};
/* End PBXFrameworksBuildPhase section */

/* Begin PBXGroup section */
		65E322EDB50E72C55B2B2144 /* Pods */ = {
			isa = PBXGroup;
			children = (
				B76D1C0997B2F5FFCC6A6D0A /* Pods-SampleApp.debug.xcconfig */,
				3FB292FF86BC6FB18202D4DE /* Pods-SampleApp.release.xcconfig */,
			);
			name = Pods;
			sourceTree = "<group>";
		};
		BA7807631F73915E00C828D7 /* View */ = {
			isa = PBXGroup;
			children = (
				BACA847C1F739ECF00F32D31 /* TableviewCell */,
			);
			path = View;
			sourceTree = "<group>";
		};
		BA7807641F73916700C828D7 /* Controller */ = {
			isa = PBXGroup;
			children = (
				BA7807651F73916700C828D7 /* ViewController.swift */,
			);
			path = Controller;
			sourceTree = "<group>";
		};
		BA7807671F73917300C828D7 /* Helper */ = {
			isa = PBXGroup;
			children = (
				BACA848D1F73C0E400F32D31 /* Extensions */,
				BA78076D1F73917300C828D7 /* Services */,
				BA7807701F73917300C828D7 /* ThirdParties */,
			);
			path = Helper;
			sourceTree = "<group>";
		};
		BA78076D1F73917300C828D7 /* Services */ = {
			isa = PBXGroup;
			children = (
				BA78076E1F73917300C828D7 /* ResponseSkeleton.swift */,
				BA78076F1F73917300C828D7 /* ServiceClient.swift */,
			);
			path = Services;
			sourceTree = "<group>";
		};
		BA7807701F73917300C828D7 /* ThirdParties */ = {
			isa = PBXGroup;
			children = (
				BA7807711F73917300C828D7 /* SDWebImage */,
			);
			path = ThirdParties;
			sourceTree = "<group>";
		};
		BA7807711F73917300C828D7 /* SDWebImage */ = {
			isa = PBXGroup;
			children = (
				BA7807721F73917300C828D7 /* MKAnnotationView+WebCache.h */,
				BA7807731F73917300C828D7 /* MKAnnotationView+WebCache.m */,
				BA7807741F73917300C828D7 /* NSData+ImageContentType.h */,
				BA7807751F73917300C828D7 /* NSData+ImageContentType.m */,
				BA7807761F73917300C828D7 /* SDImageCache.h */,
				BA7807771F73917300C828D7 /* SDImageCache.m */,
				BA7807781F73917300C828D7 /* SDWebImageCompat.h */,
				BA7807791F73917300C828D7 /* SDWebImageCompat.m */,
				BA78077A1F73917300C828D7 /* SDWebImageDecoder.h */,
				BA78077B1F73917300C828D7 /* SDWebImageDecoder.m */,
				BA78077C1F73917300C828D7 /* SDWebImageDownloader.h */,
				BA78077D1F73917300C828D7 /* SDWebImageDownloader.m */,
				BA78077E1F73917300C828D7 /* SDWebImageDownloaderOperation.h */,
				BA78077F1F73917300C828D7 /* SDWebImageDownloaderOperation.m */,
				BA7807801F73917300C828D7 /* SDWebImageManager.h */,
				BA7807811F73917300C828D7 /* SDWebImageManager.m */,
				BA7807821F73917300C828D7 /* SDWebImageOperation.h */,
				BA7807831F73917300C828D7 /* SDWebImagePrefetcher.h */,
				BA7807841F73917300C828D7 /* SDWebImagePrefetcher.m */,
				BA7807851F73917300C828D7 /* UIButton+WebCache.h */,
				BA7807861F73917300C828D7 /* UIButton+WebCache.m */,
				BA7807871F73917300C828D7 /* UIImage+GIF.h */,
				BA7807881F73917300C828D7 /* UIImage+GIF.m */,
				BA7807891F73917300C828D7 /* UIImage+MultiFormat.h */,
				BA78078A1F73917300C828D7 /* UIImage+MultiFormat.m */,
				BA78078B1F73917300C828D7 /* UIImage+WebP.h */,
				BA78078C1F73917300C828D7 /* UIImage+WebP.m */,
				BA78078D1F73917300C828D7 /* UIImageView+HighlightedWebCache.h */,
				BA78078E1F73917300C828D7 /* UIImageView+HighlightedWebCache.m */,
				BA78078F1F73917300C828D7 /* UIImageView+WebCache.h */,
				BA7807901F73917300C828D7 /* UIImageView+WebCache.m */,
				BA7807911F73917300C828D7 /* UIView+WebCacheOperation.h */,
				BA7807921F73917300C828D7 /* UIView+WebCacheOperation.m */,
			);
			path = SDWebImage;
			sourceTree = "<group>";
		};
		BA7807A81F73917D00C828D7 /* Utils */ = {
			isa = PBXGroup;
			children = (
				BA7807AA1F73917D00C828D7 /* Constants.swift */,
				BA7807AB1F73917D00C828D7 /* Reachability.swift */,
				BA7807AE1F73917D00C828D7 /* ToastExtension.swift */,
			);
			path = Utils;
			sourceTree = "<group>";
		};
		BA7807B91F73940700C828D7 /* SupportFiles */ = {
			isa = PBXGroup;
			children = (
				BA7807BA1F73940700C828D7 /* AppDelegate.swift */,
				BA7807BB1F73940700C828D7 /* Assets.xcassets */,
				BA7807BC1F73940700C828D7 /* LaunchScreen.storyboard */,
				BA7807BE1F73940700C828D7 /* Main.storyboard */,
				BA7807C01F73940700C828D7 /* SampleApp.xcdatamodeld */,
			);
			path = SupportFiles;
			sourceTree = "<group>";
		};
		BACA847C1F739ECF00F32D31 /* TableviewCell */ = {
			isa = PBXGroup;
			children = (
				BACA847F1F739F0700F32D31 /* RecipeTableViewCell.swift */,
				BACA84801F739F0700F32D31 /* RecipeTableViewCell.xib */,
			);
			path = TableviewCell;
			sourceTree = "<group>";
		};
		BACA848A1F73AC2100F32D31 /* Model */ = {
			isa = PBXGroup;
			children = (
				BACA848B1F73AC2100F32D31 /* Recipe.swift */,
			);
			path = Model;
			sourceTree = "<group>";
		};
		BACA848D1F73C0E400F32D31 /* Extensions */ = {
			isa = PBXGroup;
			children = (
				BACA848E1F73C12600F32D31 /* Extension.swift */,
			);
			path = Extensions;
			sourceTree = "<group>";
		};
		CDEAB1828AAAA6532C67B123 /* Frameworks */ = {
			isa = PBXGroup;
			children = (
				DBC7478F4E4597A6513E8067 /* Pods_SampleApp.framework */,
			);
			name = Frameworks;
			sourceTree = "<group>";
		};
		DB9675D41F73731B0013AEC8 = {
			isa = PBXGroup;
			children = (
				BACA84891F73A3F900F32D31 /* SampleApp-Bridging-Header.h */,
				DB9675DF1F73731B0013AEC8 /* SampleApp */,
				DB9675DE1F73731B0013AEC8 /* Products */,
				65E322EDB50E72C55B2B2144 /* Pods */,
				CDEAB1828AAAA6532C67B123 /* Frameworks */,
			);
			sourceTree = "<group>";
		};
		DB9675DE1F73731B0013AEC8 /* Products */ = {
			isa = PBXGroup;
			children = (
				DB9675DD1F73731B0013AEC8 /* SampleApp.app */,
			);
			name = Products;
			sourceTree = "<group>";
		};
		DB9675DF1F73731B0013AEC8 /* SampleApp */ = {
			isa = PBXGroup;
			children = (
				BACA848A1F73AC2100F32D31 /* Model */,
				BA7807631F73915E00C828D7 /* View */,
				BA7807641F73916700C828D7 /* Controller */,
				BA7807671F73917300C828D7 /* Helper */,
				BA7807A81F73917D00C828D7 /* Utils */,
				BA7807B91F73940700C828D7 /* SupportFiles */,
				DB9675EF1F73731B0013AEC8 /* Info.plist */,
			);
			path = SampleApp;
			sourceTree = "<group>";
		};
/* End PBXGroup section */

/* Begin PBXNativeTarget section */
		DB9675DC1F73731B0013AEC8 /* SampleApp */ = {
			isa = PBXNativeTarget;
			buildConfigurationList = DB9675F21F73731B0013AEC8 /* Build configuration list for PBXNativeTarget "SampleApp" */;
			buildPhases = (
				1E1F7F7876F142208B8FE345 /* [CP] Check Pods Manifest.lock */,
				DB9675D91F73731B0013AEC8 /* Sources */,
				DB9675DA1F73731B0013AEC8 /* Frameworks */,
				DB9675DB1F73731B0013AEC8 /* Resources */,
				0695B386076BF23C5A252D53 /* [CP] Embed Pods Frameworks */,
				82CA192D159441B705786DE9 /* [CP] Copy Pods Resources */,
			);
			buildRules = (
			);
			dependencies = (
			);
			name = SampleApp;
			productName = SampleApp;
			productReference = DB9675DD1F73731B0013AEC8 /* SampleApp.app */;
			productType = "com.apple.product-type.application";
		};
/* End PBXNativeTarget section */

/* Begin PBXProject section */
		DB9675D51F73731B0013AEC8 /* Project object */ = {
			isa = PBXProject;
			attributes = {
				LastSwiftUpdateCheck = 0820;
				LastUpgradeCheck = 0820;
				ORGANIZATIONNAME = Shatakshi;
				TargetAttributes = {
					DB9675DC1F73731B0013AEC8 = {
						CreatedOnToolsVersion = 8.2.1;
						ProvisioningStyle = Automatic;
					};
				};
			};
			buildConfigurationList = DB9675D81F73731B0013AEC8 /* Build configuration list for PBXProject "SampleApp" */;
			compatibilityVersion = "Xcode 3.2";
			developmentRegion = English;
			hasScannedForEncodings = 0;
			knownRegions = (
				en,
				Base,
			);
			mainGroup = DB9675D41F73731B0013AEC8;
			productRefGroup = DB9675DE1F73731B0013AEC8 /* Products */;
			projectDirPath = "";
			projectRoot = "";
			targets = (
				DB9675DC1F73731B0013AEC8 /* SampleApp */,
			);
		};
/* End PBXProject section */

/* Begin PBXResourcesBuildPhase section */
		DB9675DB1F73731B0013AEC8 /* Resources */ = {
			isa = PBXResourcesBuildPhase;
			buildActionMask = 2147483647;
			files = (
				BA7807C51F73940700C828D7 /* Main.storyboard in Resources */,
				BA7807C31F73940700C828D7 /* Assets.xcassets in Resources */,
				BA7807C41F73940700C828D7 /* LaunchScreen.storyboard in Resources */,
				BACA84821F739F0700F32D31 /* RecipeTableViewCell.xib in Resources */,
			);
			runOnlyForDeploymentPostprocessing = 0;
		};
/* End PBXResourcesBuildPhase section */

/* Begin PBXShellScriptBuildPhase section */
		0695B386076BF23C5A252D53 /* [CP] Embed Pods Frameworks */ = {
			isa = PBXShellScriptBuildPhase;
			buildActionMask = 2147483647;
			files = (
			);
			inputPaths = (
				"${SRCROOT}/Pods/Target Support Files/Pods-SampleApp/Pods-SampleApp-frameworks.sh",
				"${BUILT_PRODUCTS_DIR}/Alamofire/Alamofire.framework",
				"${BUILT_PRODUCTS_DIR}/SwiftyJSON/SwiftyJSON.framework",
			);
			name = "[CP] Embed Pods Frameworks";
			outputPaths = (
				"${TARGET_BUILD_DIR}/${FRAMEWORKS_FOLDER_PATH}/Alamofire.framework",
				"${TARGET_BUILD_DIR}/${FRAMEWORKS_FOLDER_PATH}/SwiftyJSON.framework",
			);
			runOnlyForDeploymentPostprocessing = 0;
			shellPath = /bin/sh;
			shellScript = "\"${SRCROOT}/Pods/Target Support Files/Pods-SampleApp/Pods-SampleApp-frameworks.sh\"\n";
			showEnvVarsInLog = 0;
		};
		1E1F7F7876F142208B8FE345 /* [CP] Check Pods Manifest.lock */ = {
			isa = PBXShellScriptBuildPhase;
			buildActionMask = 2147483647;
			files = (
			);
			inputPaths = (
				"${PODS_PODFILE_DIR_PATH}/Podfile.lock",
				"${PODS_ROOT}/Manifest.lock",
			);
			name = "[CP] Check Pods Manifest.lock";
			outputPaths = (
				"$(DERIVED_FILE_DIR)/Pods-SampleApp-checkManifestLockResult.txt",
			);
			runOnlyForDeploymentPostprocessing = 0;
			shellPath = /bin/sh;
			shellScript = "diff \"${PODS_PODFILE_DIR_PATH}/Podfile.lock\" \"${PODS_ROOT}/Manifest.lock\" > /dev/null\nif [ $? != 0 ] ; then\n    # print error to STDERR\n    echo \"error: The sandbox is not in sync with the Podfile.lock. Run 'pod install' or update your CocoaPods installation.\" >&2\n    exit 1\nfi\n# This output is used by Xcode 'outputs' to avoid re-running this script phase.\necho \"SUCCESS\" > \"${SCRIPT_OUTPUT_FILE_0}\"\n";
			showEnvVarsInLog = 0;
		};
		82CA192D159441B705786DE9 /* [CP] Copy Pods Resources */ = {
			isa = PBXShellScriptBuildPhase;
			buildActionMask = 2147483647;
			files = (
			);
			inputPaths = (
			);
			name = "[CP] Copy Pods Resources";
			outputPaths = (
			);
			runOnlyForDeploymentPostprocessing = 0;
			shellPath = /bin/sh;
			shellScript = "\"${SRCROOT}/Pods/Target Support Files/Pods-SampleApp/Pods-SampleApp-resources.sh\"\n";
			showEnvVarsInLog = 0;
		};
/* End PBXShellScriptBuildPhase section */

/* Begin PBXSourcesBuildPhase section */
		DB9675D91F73731B0013AEC8 /* Sources */ = {
			isa = PBXSourcesBuildPhase;
			buildActionMask = 2147483647;
			files = (
				BA78079F1F73917300C828D7 /* SDWebImageManager.m in Sources */,
				BA78079A1F73917300C828D7 /* SDImageCache.m in Sources */,
				BA78079E1F73917300C828D7 /* SDWebImageDownloaderOperation.m in Sources */,
				BA7807A71F73917300C828D7 /* UIView+WebCacheOperation.m in Sources */,
				BA7807A11F73917300C828D7 /* UIButton+WebCache.m in Sources */,
				BA7807991F73917300C828D7 /* NSData+ImageContentType.m in Sources */,
				BA7807A01F73917300C828D7 /* SDWebImagePrefetcher.m in Sources */,
				BA78079D1F73917300C828D7 /* SDWebImageDownloader.m in Sources */,
				BA7807A41F73917300C828D7 /* UIImage+WebP.m in Sources */,
				BA7807A61F73917300C828D7 /* UIImageView+WebCache.m in Sources */,
				BA78079C1F73917300C828D7 /* SDWebImageDecoder.m in Sources */,
				BA7807961F73917300C828D7 /* ResponseSkeleton.swift in Sources */,
				BACA84811F739F0700F32D31 /* RecipeTableViewCell.swift in Sources */,
				BA7807C61F73940700C828D7 /* SampleApp.xcdatamodeld in Sources */,
				BA7807981F73917300C828D7 /* MKAnnotationView+WebCache.m in Sources */,
				BA78079B1F73917300C828D7 /* SDWebImageCompat.m in Sources */,
				BA7807C21F73940700C828D7 /* AppDelegate.swift in Sources */,
				BA7807971F73917300C828D7 /* ServiceClient.swift in Sources */,
				BACA848F1F73C12600F32D31 /* Extension.swift in Sources */,
				BA7807661F73916700C828D7 /* ViewController.swift in Sources */,
				BA7807A31F73917300C828D7 /* UIImage+MultiFormat.m in Sources */,
				BA7807A51F73917300C828D7 /* UIImageView+HighlightedWebCache.m in Sources */,
				BA7807A21F73917300C828D7 /* UIImage+GIF.m in Sources */,
				BA7807B31F73917D00C828D7 /* Reachability.swift in Sources */,
				BA7807B21F73917D00C828D7 /* Constants.swift in Sources */,
				BA7807B61F73917D00C828D7 /* ToastExtension.swift in Sources */,
				BACA848C1F73AC2100F32D31 /* Recipe.swift in Sources */,
			);
			runOnlyForDeploymentPostprocessing = 0;
		};
/* End PBXSourcesBuildPhase section */

/* Begin PBXVariantGroup section */
		BA7807BC1F73940700C828D7 /* LaunchScreen.storyboard */ = {
			isa = PBXVariantGroup;
			children = (
				BA7807BD1F73940700C828D7 /* Base */,
			);
			name = LaunchScreen.storyboard;
			sourceTree = "<group>";
		};
		BA7807BE1F73940700C828D7 /* Main.storyboard */ = {
			isa = PBXVariantGroup;
			children = (
				BA7807BF1F73940700C828D7 /* Base */,
			);
			name = Main.storyboard;
			sourceTree = "<group>";
		};
/* End PBXVariantGroup section */

/* Begin XCBuildConfiguration section */
		DB9675F01F73731B0013AEC8 /* Debug */ = {
			isa = XCBuildConfiguration;
			buildSettings = {
				ALWAYS_SEARCH_USER_PATHS = NO;
				CLANG_ANALYZER_NONNULL = YES;
				CLANG_CXX_LANGUAGE_STANDARD = "gnu++0x";
				CLANG_CXX_LIBRARY = "libc++";
				CLANG_ENABLE_MODULES = YES;
				CLANG_ENABLE_OBJC_ARC = YES;
				CLANG_WARN_BOOL_CONVERSION = YES;
				CLANG_WARN_CONSTANT_CONVERSION = YES;
				CLANG_WARN_DIRECT_OBJC_ISA_USAGE = YES_ERROR;
				CLANG_WARN_DOCUMENTATION_COMMENTS = YES;
				CLANG_WARN_EMPTY_BODY = YES;
				CLANG_WARN_ENUM_CONVERSION = YES;
				CLANG_WARN_INFINITE_RECURSION = YES;
				CLANG_WARN_INT_CONVERSION = YES;
				CLANG_WARN_OBJC_ROOT_CLASS = YES_ERROR;
				CLANG_WARN_SUSPICIOUS_MOVE = YES;
				CLANG_WARN_UNREACHABLE_CODE = YES;
				CLANG_WARN__DUPLICATE_METHOD_MATCH = YES;
				"CODE_SIGN_IDENTITY[sdk=iphoneos*]" = "iPhone Developer";
				COPY_PHASE_STRIP = NO;
				DEBUG_INFORMATION_FORMAT = dwarf;
				ENABLE_STRICT_OBJC_MSGSEND = YES;
				ENABLE_TESTABILITY = YES;
				GCC_C_LANGUAGE_STANDARD = gnu99;
				GCC_DYNAMIC_NO_PIC = NO;
				GCC_NO_COMMON_BLOCKS = YES;
				GCC_OPTIMIZATION_LEVEL = 0;
				GCC_PREPROCESSOR_DEFINITIONS = (
					"DEBUG=1",
					"$(inherited)",
				);
				GCC_WARN_64_TO_32_BIT_CONVERSION = YES;
				GCC_WARN_ABOUT_RETURN_TYPE = YES_ERROR;
				GCC_WARN_UNDECLARED_SELECTOR = YES;
				GCC_WARN_UNINITIALIZED_AUTOS = YES_AGGRESSIVE;
				GCC_WARN_UNUSED_FUNCTION = YES;
				GCC_WARN_UNUSED_VARIABLE = YES;
				IPHONEOS_DEPLOYMENT_TARGET = 10.2;
				MTL_ENABLE_DEBUG_INFO = YES;
				ONLY_ACTIVE_ARCH = YES;
				SDKROOT = iphoneos;
				SWIFT_ACTIVE_COMPILATION_CONDITIONS = DEBUG;
				SWIFT_OPTIMIZATION_LEVEL = "-Onone";
				TARGETED_DEVICE_FAMILY = "1,2";
			};
			name = Debug;
		};
		DB9675F11F73731B0013AEC8 /* Release */ = {
			isa = XCBuildConfiguration;
			buildSettings = {
				ALWAYS_SEARCH_USER_PATHS = NO;
				CLANG_ANALYZER_NONNULL = YES;
				CLANG_CXX_LANGUAGE_STANDARD = "gnu++0x";
				CLANG_CXX_LIBRARY = "libc++";
				CLANG_ENABLE_MODULES = YES;
				CLANG_ENABLE_OBJC_ARC = YES;
				CLANG_WARN_BOOL_CONVERSION = YES;
				CLANG_WARN_CONSTANT_CONVERSION = YES;
				CLANG_WARN_DIRECT_OBJC_ISA_USAGE = YES_ERROR;
				CLANG_WARN_DOCUMENTATION_COMMENTS = YES;
				CLANG_WARN_EMPTY_BODY = YES;
				CLANG_WARN_ENUM_CONVERSION = YES;
				CLANG_WARN_INFINITE_RECURSION = YES;
				CLANG_WARN_INT_CONVERSION = YES;
				CLANG_WARN_OBJC_ROOT_CLASS = YES_ERROR;
				CLANG_WARN_SUSPICIOUS_MOVE = YES;
				CLANG_WARN_UNREACHABLE_CODE = YES;
				CLANG_WARN__DUPLICATE_METHOD_MATCH = YES;
				"CODE_SIGN_IDENTITY[sdk=iphoneos*]" = "iPhone Developer";
				COPY_PHASE_STRIP = NO;
				DEBUG_INFORMATION_FORMAT = "dwarf-with-dsym";
				ENABLE_NS_ASSERTIONS = NO;
				ENABLE_STRICT_OBJC_MSGSEND = YES;
				GCC_C_LANGUAGE_STANDARD = gnu99;
				GCC_NO_COMMON_BLOCKS = YES;
				GCC_WARN_64_TO_32_BIT_CONVERSION = YES;
				GCC_WARN_ABOUT_RETURN_TYPE = YES_ERROR;
				GCC_WARN_UNDECLARED_SELECTOR = YES;
				GCC_WARN_UNINITIALIZED_AUTOS = YES_AGGRESSIVE;
				GCC_WARN_UNUSED_FUNCTION = YES;
				GCC_WARN_UNUSED_VARIABLE = YES;
				IPHONEOS_DEPLOYMENT_TARGET = 10.2;
				MTL_ENABLE_DEBUG_INFO = NO;
				SDKROOT = iphoneos;
				SWIFT_OPTIMIZATION_LEVEL = "-Owholemodule";
				TARGETED_DEVICE_FAMILY = "1,2";
				VALIDATE_PRODUCT = YES;
			};
			name = Release;
		};
		DB9675F31F73731B0013AEC8 /* Debug */ = {
			isa = XCBuildConfiguration;
			baseConfigurationReference = B76D1C0997B2F5FFCC6A6D0A /* Pods-SampleApp.debug.xcconfig */;
			buildSettings = {
				ASSETCATALOG_COMPILER_APPICON_NAME = AppIcon;
				INFOPLIST_FILE = SampleApp/Info.plist;
				LD_RUNPATH_SEARCH_PATHS = "$(inherited) @executable_path/Frameworks";
				PRODUCT_BUNDLE_IDENTIFIER = com.wildnettechnologies.SampleApp;
				PRODUCT_NAME = "$(TARGET_NAME)";
				SWIFT_OBJC_BRIDGING_HEADER = "SampleApp-Bridging-Header.h";
				SWIFT_VERSION = 3.0;
			};
			name = Debug;
		};
		DB9675F41F73731B0013AEC8 /* Release */ = {
			isa = XCBuildConfiguration;
			baseConfigurationReference = 3FB292FF86BC6FB18202D4DE /* Pods-SampleApp.release.xcconfig */;
			buildSettings = {
				ASSETCATALOG_COMPILER_APPICON_NAME = AppIcon;
				INFOPLIST_FILE = SampleApp/Info.plist;
				LD_RUNPATH_SEARCH_PATHS = "$(inherited) @executable_path/Frameworks";
				PRODUCT_BUNDLE_IDENTIFIER = com.wildnettechnologies.SampleApp;
				PRODUCT_NAME = "$(TARGET_NAME)";
				SWIFT_OBJC_BRIDGING_HEADER = "SampleApp-Bridging-Header.h";
				SWIFT_VERSION = 3.0;
			};
			name = Release;
		};
/* End XCBuildConfiguration section */

/* Begin XCConfigurationList section */
		DB9675D81F73731B0013AEC8 /* Build configuration list for PBXProject "SampleApp" */ = {
			isa = XCConfigurationList;
			buildConfigurations = (
				DB9675F01F73731B0013AEC8 /* Debug */,
				DB9675F11F73731B0013AEC8 /* Release */,
			);
			defaultConfigurationIsVisible = 0;
			defaultConfigurationName = Release;
		};
		DB9675F21F73731B0013AEC8 /* Build configuration list for PBXNativeTarget "SampleApp" */ = {
			isa = XCConfigurationList;
			buildConfigurations = (
				DB9675F31F73731B0013AEC8 /* Debug */,
				DB9675F41F73731B0013AEC8 /* Release */,
			);
			defaultConfigurationIsVisible = 0;
			defaultConfigurationName = Release;
		};
/* End XCConfigurationList section */

/* Begin XCVersionGroup section */
		BA7807C01F73940700C828D7 /* SampleApp.xcdatamodeld */ = {
			isa = XCVersionGroup;
			children = (
				BA7807C11F73940700C828D7 /* SampleApp.xcdatamodel */,
			);
			currentVersion = BA7807C11F73940700C828D7 /* SampleApp.xcdatamodel */;
			path = SampleApp.xcdatamodeld;
			sourceTree = "<group>";
			versionGroupType = wrapper.xcdatamodel;
		};
/* End XCVersionGroup section */
	};
	rootObject = DB9675D51F73731B0013AEC8 /* Project object */;
}
